# THIS IS AN AUTOGENERATED FILE. DO NOT EDIT THIS FILE DIRECTLY.
# yarn lockfile v1


prismic-vue@^2.0.0:
  version "2.0.0"
  resolved "https://registry.yarnpkg.com/prismic-vue/-/prismic-vue-2.0.0.tgz#e2c26d70402d3bcc172054017f1c23b208c0192d"
  integrity sha512-dg9CrpDEPbSCflMjbBHkU4jqGllRUqqYynqKJ8Mk3AtHUULfjEK4nQ2mZYQrFBMLOheh9lAv0/CCP4uHN7G7xw==
